{
  "lib/forge-std": {
    "rev": "7117c90c8cf6c68e5acce4f09a6b24715cea4de6"
  },
  "lib/openzeppelin-contracts": {
    "rev": "dc44c9f1a4c3b10af99492eed84f83ed244203f6"
  },
  "lib/solmate": {
    "rev": "89365b880c4f3c786bdd453d4b8e8fe410344a69"
  },
  "lib/whitelist-contracts": {
    "rev": "5a6db1169df42c044a26d9f1cd2c660618c952ce"
  }
}